
Microsoft Visual Studio Solution File, Format Version 12.00
# Visual Studio 15
VisualStudioVersion = 15.0.26430.16
MinimumVisualStudioVersion = 10.0.40219.1
Project("{8BC9CEB8-8B4A-11D0-8D11-00A0C91BC942}") = "filesystem", "filesystem\filesystem.vcxproj", "{A6B51383-3832-4205-8F54-1098AB9FA480}"
EndProject
Project("{8BC9CEB8-8B4A-11D0-8D11-00A0C91BC942}") = "dirent", "dirent\dirent.vcxproj", "{9BFACBDA-FC16-4EB0-B357-F7B59BCFA390}"
EndProject
Project("{8BC9CEB8-8B4A-11D0-8D11-00A0C91BC942}") = "getopt", "getopt\getopt.vcxproj", "{57F566D6-D785-4D90-8804-3E0293061476}"
EndProject
Project("{8BC9CEB8-8B4A-11D0-8D11-00A0C91BC942}") = "loaddl", "loaddl\loaddl.vcxproj", "{79C1C4E4-5B4C-4A30-AC75-B68E4C2C8D99}"
EndProject
Project("{8BC9CEB8-8B4A-11D0-8D11-00A0C91BC942}") = "templates", "templates\templates.vcxproj", "{C64F38B3-4DB1-497E-BBF3-442C7295A305}"
EndProject
Project("{8BC9CEB8-8B4A-11D0-8D11-00A0C91BC942}") = "variadic", "variadic\variadic.vcxproj", "{01BC2050-2F9D-415F-B304-D45CF985090A}"
EndProject
Project("{8BC9CEB8-8B4A-11D0-8D11-00A0C91BC942}") = "plugin", "plugin\plugin.vcxproj", "{F2D4793F-DE77-4BD0-BC14-36BC4FBD3385}"
EndProject
Global
	GlobalSection(SolutionConfigurationPlatforms) = preSolution
		Debug|x64 = Debug|x64
		Debug|x86 = Debug|x86
		Release|x64 = Release|x64
		Release|x86 = Release|x86
	EndGlobalSection
	GlobalSection(ProjectConfigurationPlatforms) = postSolution
		{A6B51383-3832-4205-8F54-1098AB9FA480}.Debug|x64.ActiveCfg = Debug|x64
		{A6B51383-3832-4205-8F54-1098AB9FA480}.Debug|x64.Build.0 = Debug|x64
		{A6B51383-3832-4205-8F54-1098AB9FA480}.Debug|x86.ActiveCfg = Debug|Win32
		{A6B51383-3832-4205-8F54-1098AB9FA480}.Debug|x86.Build.0 = Debug|Win32
		{A6B51383-3832-4205-8F54-1098AB9FA480}.Release|x64.ActiveCfg = Release|x64
		{A6B51383-3832-4205-8F54-1098AB9FA480}.Release|x64.Build.0 = Release|x64
		{A6B51383-3832-4205-8F54-1098AB9FA480}.Release|x86.ActiveCfg = Release|Win32
		{A6B51383-3832-4205-8F54-1098AB9FA480}.Release|x86.Build.0 = Release|Win32
		{9BFACBDA-FC16-4EB0-B357-F7B59BCFA390}.Debug|x64.ActiveCfg = Debug|x64
		{9BFACBDA-FC16-4EB0-B357-F7B59BCFA390}.Debug|x64.Build.0 = Debug|x64
		{9BFACBDA-FC16-4EB0-B357-F7B59BCFA390}.Debug|x86.ActiveCfg = Debug|Win32
		{9BFACBDA-FC16-4EB0-B357-F7B59BCFA390}.Debug|x86.Build.0 = Debug|Win32
		{9BFACBDA-FC16-4EB0-B357-F7B59BCFA390}.Release|x64.ActiveCfg = Release|x64
		{9BFACBDA-FC16-4EB0-B357-F7B59BCFA390}.Release|x64.Build.0 = Release|x64
		{9BFACBDA-FC16-4EB0-B357-F7B59BCFA390}.Release|x86.ActiveCfg = Release|Win32
		{9BFACBDA-FC16-4EB0-B357-F7B59BCFA390}.Release|x86.Build.0 = Release|Win32
		{57F566D6-D785-4D90-8804-3E0293061476}.Debug|x64.ActiveCfg = Debug|x64
		{57F566D6-D785-4D90-8804-3E0293061476}.Debug|x64.Build.0 = Debug|x64
		{57F566D6-D785-4D90-8804-3E0293061476}.Debug|x86.ActiveCfg = Debug|Win32
		{57F566D6-D785-4D90-8804-3E0293061476}.Debug|x86.Build.0 = Debug|Win32
		{57F566D6-D785-4D90-8804-3E0293061476}.Release|x64.ActiveCfg = Release|x64
		{57F566D6-D785-4D90-8804-3E0293061476}.Release|x64.Build.0 = Release|x64
		{57F566D6-D785-4D90-8804-3E0293061476}.Release|x86.ActiveCfg = Release|Win32
		{57F566D6-D785-4D90-8804-3E0293061476}.Release|x86.Build.0 = Release|Win32
		{79C1C4E4-5B4C-4A30-AC75-B68E4C2C8D99}.Debug|x64.ActiveCfg = Debug|x64
		{79C1C4E4-5B4C-4A30-AC75-B68E4C2C8D99}.Debug|x64.Build.0 = Debug|x64
		{79C1C4E4-5B4C-4A30-AC75-B68E4C2C8D99}.Debug|x86.ActiveCfg = Debug|Win32
		{79C1C4E4-5B4C-4A30-AC75-B68E4C2C8D99}.Debug|x86.Build.0 = Debug|Win32
		{79C1C4E4-5B4C-4A30-AC75-B68E4C2C8D99}.Release|x64.ActiveCfg = Release|x64
		{79C1C4E4-5B4C-4A30-AC75-B68E4C2C8D99}.Release|x64.Build.0 = Release|x64
		{79C1C4E4-5B4C-4A30-AC75-B68E4C2C8D99}.Release|x86.ActiveCfg = Release|Win32
		{79C1C4E4-5B4C-4A30-AC75-B68E4C2C8D99}.Release|x86.Build.0 = Release|Win32
		{C64F38B3-4DB1-497E-BBF3-442C7295A305}.Debug|x64.ActiveCfg = Debug|x64
		{C64F38B3-4DB1-497E-BBF3-442C7295A305}.Debug|x64.Build.0 = Debug|x64
		{C64F38B3-4DB1-497E-BBF3-442C7295A305}.Debug|x86.ActiveCfg = Debug|Win32
		{C64F38B3-4DB1-497E-BBF3-442C7295A305}.Debug|x86.Build.0 = Debug|Win32
		{C64F38B3-4DB1-497E-BBF3-442C7295A305}.Release|x64.ActiveCfg = Release|x64
		{C64F38B3-4DB1-497E-BBF3-442C7295A305}.Release|x64.Build.0 = Release|x64
		{C64F38B3-4DB1-497E-BBF3-442C7295A305}.Release|x86.ActiveCfg = Release|Win32
		{C64F38B3-4DB1-497E-BBF3-442C7295A305}.Release|x86.Build.0 = Release|Win32
		{01BC2050-2F9D-415F-B304-D45CF985090A}.Debug|x64.ActiveCfg = Debug|x64
		{01BC2050-2F9D-415F-B304-D45CF985090A}.Debug|x64.Build.0 = Debug|x64
		{01BC2050-2F9D-415F-B304-D45CF985090A}.Debug|x86.ActiveCfg = Debug|Win32
		{01BC2050-2F9D-415F-B304-D45CF985090A}.Debug|x86.Build.0 = Debug|Win32
		{01BC2050-2F9D-415F-B304-D45CF985090A}.Release|x64.ActiveCfg = Release|x64
		{01BC2050-2F9D-415F-B304-D45CF985090A}.Release|x64.Build.0 = Release|x64
		{01BC2050-2F9D-415F-B304-D45CF985090A}.Release|x86.ActiveCfg = Release|Win32
		{01BC2050-2F9D-415F-B304-D45CF985090A}.Release|x86.Build.0 = Release|Win32
		{F2D4793F-DE77-4BD0-BC14-36BC4FBD3385}.Debug|x64.ActiveCfg = Debug|x64
		{F2D4793F-DE77-4BD0-BC14-36BC4FBD3385}.Debug|x64.Build.0 = Debug|x64
		{F2D4793F-DE77-4BD0-BC14-36BC4FBD3385}.Debug|x86.ActiveCfg = Debug|Win32
		{F2D4793F-DE77-4BD0-BC14-36BC4FBD3385}.Debug|x86.Build.0 = Debug|Win32
		{F2D4793F-DE77-4BD0-BC14-36BC4FBD3385}.Release|x64.ActiveCfg = Release|x64
		{F2D4793F-DE77-4BD0-BC14-36BC4FBD3385}.Release|x64.Build.0 = Release|x64
		{F2D4793F-DE77-4BD0-BC14-36BC4FBD3385}.Release|x86.ActiveCfg = Release|Win32
		{F2D4793F-DE77-4BD0-BC14-36BC4FBD3385}.Release|x86.Build.0 = Release|Win32
	EndGlobalSection
	GlobalSection(SolutionProperties) = preSolution
		HideSolutionNode = FALSE
	EndGlobalSection
EndGlobal
